
Microsoft Visual Studio Solution File, Format Version 12.00
# Visual Studio Version 17
VisualStudioVersion = 17.0.32112.339
MinimumVisualStudioVersion = 10.0.40219.1
Project("{FAE04EC0-301F-11D3-BF4B-00C04F79EFBC}") = "Creación de variables_introalaprogra_GC1154322", "Creación de variables_introalaprogra_GC1154322.csproj", "{643BCAE4-AAFE-4155-A0CA-F42B2B858CAF}"
EndProject
Global
	GlobalSection(SolutionConfigurationPlatforms) = preSolution
		Debug|Any CPU = Debug|Any CPU
		Release|Any CPU = Release|Any CPU
	EndGlobalSection
	GlobalSection(ProjectConfigurationPlatforms) = postSolution
		{643BCAE4-AAFE-4155-A0CA-F42B2B858CAF}.Debug|Any CPU.ActiveCfg = Debug|Any CPU
		{643BCAE4-AAFE-4155-A0CA-F42B2B858CAF}.Debug|Any CPU.Build.0 = Debug|Any CPU
		{643BCAE4-AAFE-4155-A0CA-F42B2B858CAF}.Release|Any CPU.ActiveCfg = Release|Any CPU
		{643BCAE4-AAFE-4155-A0CA-F42B2B858CAF}.Release|Any CPU.Build.0 = Release|Any CPU
	EndGlobalSection
	GlobalSection(SolutionProperties) = preSolution
		HideSolutionNode = FALSE
	EndGlobalSection
	GlobalSection(ExtensibilityGlobals) = postSolution
		SolutionGuid = {2DFEB25B-3136-42F4-A3A4-9B7086A0E5F8}
	EndGlobalSection
EndGlobal
